
Microsoft Visual Studio Solution File, Format Version 12.00
# Visual Studio 15
VisualStudioVersion = 15.0.27703.2035
MinimumVisualStudioVersion = 10.0.40219.1
Project("{FAE04EC0-301F-11D3-BF4B-00C04F79EFBC}") = "ClothesSharing", "ClothesSharing\ClothesSharing.csproj", "{F4E68786-EF36-4E85-A2A1-E09DE12FF81A}"
EndProject
Global
	GlobalSection(SolutionConfigurationPlatforms) = preSolution
		Debug|Any CPU = Debug|Any CPU
		Release|Any CPU = Release|Any CPU
	EndGlobalSection
	GlobalSection(ProjectConfigurationPlatforms) = postSolution
		{F4E68786-EF36-4E85-A2A1-E09DE12FF81A}.Debug|Any CPU.ActiveCfg = Debug|Any CPU
		{F4E68786-EF36-4E85-A2A1-E09DE12FF81A}.Debug|Any CPU.Build.0 = Debug|Any CPU
		{F4E68786-EF36-4E85-A2A1-E09DE12FF81A}.Release|Any CPU.ActiveCfg = Release|Any CPU
		{F4E68786-EF36-4E85-A2A1-E09DE12FF81A}.Release|Any CPU.Build.0 = Release|Any CPU
	EndGlobalSection
	GlobalSection(SolutionProperties) = preSolution
		HideSolutionNode = FALSE
	EndGlobalSection
	GlobalSection(ExtensibilityGlobals) = postSolution
		SolutionGuid = {A2946B9D-E5CE-45AD-AB8B-8AA27A139CCF}
	EndGlobalSection
EndGlobal
